// !$*UTF8*$!
{
	archiveVersion = 1;
	classes = {
	};
	objectVersion = 46;
	objects = {

/* Begin PBXBuildFile section */
		BCB9923619354A7600BA7FEB /* Foundation.framework in Frameworks */ = {isa = PBXBuildFile; fileRef = BCB9923519354A7600BA7FEB /* Foundation.framework */; };
		BCB9923819354A7600BA7FEB /* CoreGraphics.framework in Frameworks */ = {isa = PBXBuildFile; fileRef = BCB9923719354A7600BA7FEB /* CoreGraphics.framework */; };
		BCB9923A19354A7600BA7FEB /* UIKit.framework in Frameworks */ = {isa = PBXBuildFile; fileRef = BCB9923919354A7600BA7FEB /* UIKit.framework */; };
		BCB9924019354A7600BA7FEB /* InfoPlist.strings in Resources */ = {isa = PBXBuildFile; fileRef = BCB9923E19354A7600BA7FEB /* InfoPlist.strings */; };
		BCB9924219354A7600BA7FEB /* main.m in Sources */ = {isa = PBXBuildFile; fileRef = BCB9924119354A7600BA7FEB /* main.m */; };
		BCB9924619354A7600BA7FEB /* MFAppDelegate.m in Sources */ = {isa = PBXBuildFile; fileRef = BCB9924519354A7600BA7FEB /* MFAppDelegate.m */; };
		BCB9924819354A7600BA7FEB /* Images.xcassets in Resources */ = {isa = PBXBuildFile; fileRef = BCB9924719354A7600BA7FEB /* Images.xcassets */; };
		BCB9924F19354A7600BA7FEB /* XCTest.framework in Frameworks */ = {isa = PBXBuildFile; fileRef = BCB9924E19354A7600BA7FEB /* XCTest.framework */; };
		BCB9925019354A7600BA7FEB /* Foundation.framework in Frameworks */ = {isa = PBXBuildFile; fileRef = BCB9923519354A7600BA7FEB /* Foundation.framework */; };
		BCB9925119354A7600BA7FEB /* UIKit.framework in Frameworks */ = {isa = PBXBuildFile; fileRef = BCB9923919354A7600BA7FEB /* UIKit.framework */; };
		BCB9925919354A7600BA7FEB /* InfoPlist.strings in Resources */ = {isa = PBXBuildFile; fileRef = BCB9925719354A7600BA7FEB /* InfoPlist.strings */; };
		BCB9925B19354A7600BA7FEB /* FactoryAppTests.m in Sources */ = {isa = PBXBuildFile; fileRef = BCB9925A19354A7600BA7FEB /* FactoryAppTests.m */; };
		BCB9926519354AC900BA7FEB /* Main.storyboard in Resources */ = {isa = PBXBuildFile; fileRef = BCB9926419354AC900BA7FEB /* Main.storyboard */; };
/* End PBXBuildFile section */

/* Begin PBXContainerItemProxy section */
		BCB9925219354A7600BA7FEB /* PBXContainerItemProxy */ = {
			isa = PBXContainerItemProxy;
			containerPortal = BCB9922A19354A7600BA7FEB /* Project object */;
			proxyType = 1;
			remoteGlobalIDString = BCB9923119354A7600BA7FEB;
			remoteInfo = FactoryApp;
		};
/* End PBXContainerItemProxy section */

/* Begin PBXFileReference section */
		BCB9923219354A7600BA7FEB /* FactoryApp.app */ = {isa = PBXFileReference; explicitFileType = wrapper.application; includeInIndex = 0; path = FactoryApp.app; sourceTree = BUILT_PRODUCTS_DIR; };
		BCB9923519354A7600BA7FEB /* Foundation.framework */ = {isa = PBXFileReference; lastKnownFileType = wrapper.framework; name = Foundation.framework; path = System/Library/Frameworks/Foundation.framework; sourceTree = SDKROOT; };
		BCB9923719354A7600BA7FEB /* CoreGraphics.framework */ = {isa = PBXFileReference; lastKnownFileType = wrapper.framework; name = CoreGraphics.framework; path = System/Library/Frameworks/CoreGraphics.framework; sourceTree = SDKROOT; };
		BCB9923919354A7600BA7FEB /* UIKit.framework */ = {isa = PBXFileReference; lastKnownFileType = wrapper.framework; name = UIKit.framework; path = System/Library/Frameworks/UIKit.framework; sourceTree = SDKROOT; };
		BCB9923D19354A7600BA7FEB /* FactoryApp-Info.plist */ = {isa = PBXFileReference; lastKnownFileType = text.plist.xml; path = "FactoryApp-Info.plist"; sourceTree = "<group>"; };
		BCB9923F19354A7600BA7FEB /* en */ = {isa = PBXFileReference; lastKnownFileType = text.plist.strings; name = en; path = en.lproj/InfoPlist.strings; sourceTree = "<group>"; };
		BCB9924119354A7600BA7FEB /* main.m */ = {isa = PBXFileReference; lastKnownFileType = sourcecode.c.objc; path = main.m; sourceTree = "<group>"; };
		BCB9924319354A7600BA7FEB /* FactoryApp-Prefix.pch */ = {isa = PBXFileReference; lastKnownFileType = sourcecode.c.h; path = "FactoryApp-Prefix.pch"; sourceTree = "<group>"; };
		BCB9924419354A7600BA7FEB /* MFAppDelegate.h */ = {isa = PBXFileReference; lastKnownFileType = sourcecode.c.h; path = MFAppDelegate.h; sourceTree = "<group>"; };
		BCB9924519354A7600BA7FEB /* MFAppDelegate.m */ = {isa = PBXFileReference; lastKnownFileType = sourcecode.c.objc; path = MFAppDelegate.m; sourceTree = "<group>"; };
		BCB9924719354A7600BA7FEB /* Images.xcassets */ = {isa = PBXFileReference; lastKnownFileType = folder.assetcatalog; path = Images.xcassets; sourceTree = "<group>"; };
		BCB9924D19354A7600BA7FEB /* FactoryAppTests.xctest */ = {isa = PBXFileReference; explicitFileType = wrapper.cfbundle; includeInIndex = 0; path = FactoryAppTests.xctest; sourceTree = BUILT_PRODUCTS_DIR; };
		BCB9924E19354A7600BA7FEB /* XCTest.framework */ = {isa = PBXFileReference; lastKnownFileType = wrapper.framework; name = XCTest.framework; path = Library/Frameworks/XCTest.framework; sourceTree = DEVELOPER_DIR; };
		BCB9925619354A7600BA7FEB /* FactoryAppTests-Info.plist */ = {isa = PBXFileReference; lastKnownFileType = text.plist.xml; path = "FactoryAppTests-Info.plist"; sourceTree = "<group>"; };
		BCB9925819354A7600BA7FEB /* en */ = {isa = PBXFileReference; lastKnownFileType = text.plist.strings; name = en; path = en.lproj/InfoPlist.strings; sourceTree = "<group>"; };
		BCB9925A19354A7600BA7FEB /* FactoryAppTests.m */ = {isa = PBXFileReference; lastKnownFileType = sourcecode.c.objc; path = FactoryAppTests.m; sourceTree = "<group>"; };
		BCB9926419354AC900BA7FEB /* Main.storyboard */ = {isa = PBXFileReference; fileEncoding = 4; lastKnownFileType = file.storyboard; path = Main.storyboard; sourceTree = "<group>"; };
/* End PBXFileReference section */

/* Begin PBXFrameworksBuildPhase section */
		BCB9922F19354A7600BA7FEB /* Frameworks */ = {
			isa = PBXFrameworksBuildPhase;
			buildActionMask = 2147483647;
			files = (
				BCB9923819354A7600BA7FEB /* CoreGraphics.framework in Frameworks */,
				BCB9923A19354A7600BA7FEB /* UIKit.framework in Frameworks */,
				BCB9923619354A7600BA7FEB /* Foundation.framework in Frameworks */,
			);
			runOnlyForDeploymentPostprocessing = 0;
		};
		BCB9924A19354A7600BA7FEB /* Frameworks */ = {
			isa = PBXFrameworksBuildPhase;
			buildActionMask = 2147483647;
			files = (
				BCB9924F19354A7600BA7FEB /* XCTest.framework in Frameworks */,
				BCB9925119354A7600BA7FEB /* UIKit.framework in Frameworks */,
				BCB9925019354A7600BA7FEB /* Foundation.framework in Frameworks */,
			);
			runOnlyForDeploymentPostprocessing = 0;
		};
/* End PBXFrameworksBuildPhase section */

/* Begin PBXGroup section */
		BCB9922919354A7600BA7FEB = {
			isa = PBXGroup;
			children = (
				BCB9926419354AC900BA7FEB /* Main.storyboard */,
				BCB9923B19354A7600BA7FEB /* FactoryApp */,
				BCB9925419354A7600BA7FEB /* FactoryAppTests */,
				BCB9923419354A7600BA7FEB /* Frameworks */,
				BCB9923319354A7600BA7FEB /* Products */,
			);
			sourceTree = "<group>";
		};
		BCB9923319354A7600BA7FEB /* Products */ = {
			isa = PBXGroup;
			children = (
				BCB9923219354A7600BA7FEB /* FactoryApp.app */,
				BCB9924D19354A7600BA7FEB /* FactoryAppTests.xctest */,
			);
			name = Products;
			sourceTree = "<group>";
		};
		BCB9923419354A7600BA7FEB /* Frameworks */ = {
			isa = PBXGroup;
			children = (
				BCB9923519354A7600BA7FEB /* Foundation.framework */,
				BCB9923719354A7600BA7FEB /* CoreGraphics.framework */,
				BCB9923919354A7600BA7FEB /* UIKit.framework */,
				BCB9924E19354A7600BA7FEB /* XCTest.framework */,
			);
			name = Frameworks;
			sourceTree = "<group>";
		};
		BCB9923B19354A7600BA7FEB /* FactoryApp */ = {
			isa = PBXGroup;
			children = (
				BCB9924419354A7600BA7FEB /* MFAppDelegate.h */,
				BCB9924519354A7600BA7FEB /* MFAppDelegate.m */,
				BCB9924719354A7600BA7FEB /* Images.xcassets */,
				BCB9923C19354A7600BA7FEB /* Supporting Files */,
			);
			path = FactoryApp;
			sourceTree = "<group>";
		};
		BCB9923C19354A7600BA7FEB /* Supporting Files */ = {
			isa = PBXGroup;
			children = (
				BCB9923D19354A7600BA7FEB /* FactoryApp-Info.plist */,
				BCB9923E19354A7600BA7FEB /* InfoPlist.strings */,
				BCB9924119354A7600BA7FEB /* main.m */,
				BCB9924319354A7600BA7FEB /* FactoryApp-Prefix.pch */,
			);
			name = "Supporting Files";
			sourceTree = "<group>";
		};
		BCB9925419354A7600BA7FEB /* FactoryAppTests */ = {
			isa = PBXGroup;
			children = (
				BCB9925A19354A7600BA7FEB /* FactoryAppTests.m */,
				BCB9925519354A7600BA7FEB /* Supporting Files */,
			);
			path = FactoryAppTests;
			sourceTree = "<group>";
		};
		BCB9925519354A7600BA7FEB /* Supporting Files */ = {
			isa = PBXGroup;
			children = (
				BCB9925619354A7600BA7FEB /* FactoryAppTests-Info.plist */,
				BCB9925719354A7600BA7FEB /* InfoPlist.strings */,
			);
			name = "Supporting Files";
			sourceTree = "<group>";
		};
/* End PBXGroup section */

/* Begin PBXNativeTarget section */
		BCB9923119354A7600BA7FEB /* FactoryApp */ = {
			isa = PBXNativeTarget;
			buildConfigurationList = BCB9925E19354A7600BA7FEB /* Build configuration list for PBXNativeTarget "FactoryApp" */;
			buildPhases = (
				BCB9922E19354A7600BA7FEB /* Sources */,
				BCB9922F19354A7600BA7FEB /* Frameworks */,
				BCB9923019354A7600BA7FEB /* Resources */,
			);
			buildRules = (
			);
			dependencies = (
			);
			name = FactoryApp;
			productName = FactoryApp;
			productReference = BCB9923219354A7600BA7FEB /* FactoryApp.app */;
			productType = "com.apple.product-type.application";
		};
		BCB9924C19354A7600BA7FEB /* FactoryAppTests */ = {
			isa = PBXNativeTarget;
			buildConfigurationList = BCB9926119354A7600BA7FEB /* Build configuration list for PBXNativeTarget "FactoryAppTests" */;
			buildPhases = (
				BCB9924919354A7600BA7FEB /* Sources */,
				BCB9924A19354A7600BA7FEB /* Frameworks */,
				BCB9924B19354A7600BA7FEB /* Resources */,
			);
			buildRules = (
			);
			dependencies = (
				BCB9925319354A7600BA7FEB /* PBXTargetDependency */,
			);
			name = FactoryAppTests;
			productName = FactoryAppTests;
			productReference = BCB9924D19354A7600BA7FEB /* FactoryAppTests.xctest */;
			productType = "com.apple.product-type.bundle.unit-test";
		};
/* End PBXNativeTarget section */

/* Begin PBXProject section */
		BCB9922A19354A7600BA7FEB /* Project object */ = {
			isa = PBXProject;
			attributes = {
				CLASSPREFIX = MF;
				LastUpgradeCheck = 0510;
				ORGANIZATIONNAME = "___FULLUSERNAME___";
				TargetAttributes = {
					BCB9924C19354A7600BA7FEB = {
						TestTargetID = BCB9923119354A7600BA7FEB;
					};
				};
			};
			buildConfigurationList = BCB9922D19354A7600BA7FEB /* Build configuration list for PBXProject "FactoryApp" */;
			compatibilityVersion = "Xcode 3.2";
			developmentRegion = English;
			hasScannedForEncodings = 0;
			knownRegions = (
				en,
			);
			mainGroup = BCB9922919354A7600BA7FEB;
			productRefGroup = BCB9923319354A7600BA7FEB /* Products */;
			projectDirPath = "";
			projectRoot = "";
			targets = (
				BCB9923119354A7600BA7FEB /* FactoryApp */,
				BCB9924C19354A7600BA7FEB /* FactoryAppTests */,
			);
		};
/* End PBXProject section */

/* Begin PBXResourcesBuildPhase section */
		BCB9923019354A7600BA7FEB /* Resources */ = {
			isa = PBXResourcesBuildPhase;
			buildActionMask = 2147483647;
			files = (
				BCB9926519354AC900BA7FEB /* Main.storyboard in Resources */,
				BCB9924019354A7600BA7FEB /* InfoPlist.strings in Resources */,
				BCB9924819354A7600BA7FEB /* Images.xcassets in Resources */,
			);
			runOnlyForDeploymentPostprocessing = 0;
		};
		BCB9924B19354A7600BA7FEB /* Resources */ = {
			isa = PBXResourcesBuildPhase;
			buildActionMask = 2147483647;
			files = (
				BCB9925919354A7600BA7FEB /* InfoPlist.strings in Resources */,
			);
			runOnlyForDeploymentPostprocessing = 0;
		};
/* End PBXResourcesBuildPhase section */

/* Begin PBXSourcesBuildPhase section */
		BCB9922E19354A7600BA7FEB /* Sources */ = {
			isa = PBXSourcesBuildPhase;
			buildActionMask = 2147483647;
			files = (
				BCB9924219354A7600BA7FEB /* main.m in Sources */,
				BCB9924619354A7600BA7FEB /* MFAppDelegate.m in Sources */,
			);
			runOnlyForDeploymentPostprocessing = 0;
		};
		BCB9924919354A7600BA7FEB /* Sources */ = {
			isa = PBXSourcesBuildPhase;
			buildActionMask = 2147483647;
			files = (
				BCB9925B19354A7600BA7FEB /* FactoryAppTests.m in Sources */,
			);
			runOnlyForDeploymentPostprocessing = 0;
		};
/* End PBXSourcesBuildPhase section */

/* Begin PBXTargetDependency section */
		BCB9925319354A7600BA7FEB /* PBXTargetDependency */ = {
			isa = PBXTargetDependency;
			target = BCB9923119354A7600BA7FEB /* FactoryApp */;
			targetProxy = BCB9925219354A7600BA7FEB /* PBXContainerItemProxy */;
		};
/* End PBXTargetDependency section */

/* Begin PBXVariantGroup section */
		BCB9923E19354A7600BA7FEB /* InfoPlist.strings */ = {
			isa = PBXVariantGroup;
			children = (
				BCB9923F19354A7600BA7FEB /* en */,
			);
			name = InfoPlist.strings;
			sourceTree = "<group>";
		};
		BCB9925719354A7600BA7FEB /* InfoPlist.strings */ = {
			isa = PBXVariantGroup;
			children = (
				BCB9925819354A7600BA7FEB /* en */,
			);
			name = InfoPlist.strings;
			sourceTree = "<group>";
		};
/* End PBXVariantGroup section */

/* Begin XCBuildConfiguration section */
		BCB9925C19354A7600BA7FEB /* Debug */ = {
			isa = XCBuildConfiguration;
			buildSettings = {
				ALWAYS_SEARCH_USER_PATHS = NO;
				CLANG_CXX_LANGUAGE_STANDARD = "gnu++0x";
				CLANG_CXX_LIBRARY = "libc++";
				CLANG_ENABLE_MODULES = YES;
				CLANG_ENABLE_OBJC_ARC = YES;
				CLANG_WARN_BOOL_CONVERSION = YES;
				CLANG_WARN_CONSTANT_CONVERSION = YES;
				CLANG_WARN_DIRECT_OBJC_ISA_USAGE = YES_ERROR;
				CLANG_WARN_EMPTY_BODY = YES;
				CLANG_WARN_ENUM_CONVERSION = YES;
				CLANG_WARN_INT_CONVERSION = YES;
				CLANG_WARN_OBJC_ROOT_CLASS = YES_ERROR;
				CLANG_WARN__DUPLICATE_METHOD_MATCH = YES;
				"CODE_SIGN_IDENTITY[sdk=iphoneos*]" = "iPhone Developer";
				COPY_PHASE_STRIP = NO;
				GCC_C_LANGUAGE_STANDARD = gnu99;
				GCC_DYNAMIC_NO_PIC = NO;
				GCC_OPTIMIZATION_LEVEL = 0;
				GCC_PREPROCESSOR_DEFINITIONS = (
					"DEBUG=1",
					"$(inherited)",
				);
				GCC_SYMBOLS_PRIVATE_EXTERN = NO;
				GCC_WARN_64_TO_32_BIT_CONVERSION = YES;
				GCC_WARN_ABOUT_RETURN_TYPE = YES_ERROR;
				GCC_WARN_UNDECLARED_SELECTOR = YES;
				GCC_WARN_UNINITIALIZED_AUTOS = YES_AGGRESSIVE;
				GCC_WARN_UNUSED_FUNCTION = YES;
				GCC_WARN_UNUSED_VARIABLE = YES;
				IPHONEOS_DEPLOYMENT_TARGET = 7.1;
				ONLY_ACTIVE_ARCH = YES;
				SDKROOT = iphoneos;
			};
			name = Debug;
		};
		BCB9925D19354A7600BA7FEB /* Release */ = {
			isa = XCBuildConfiguration;
			buildSettings = {
				ALWAYS_SEARCH_USER_PATHS = NO;
				CLANG_CXX_LANGUAGE_STANDARD = "gnu++0x";
				CLANG_CXX_LIBRARY = "libc++";
				CLANG_ENABLE_MODULES = YES;
				CLANG_ENABLE_OBJC_ARC = YES;
				CLANG_WARN_BOOL_CONVERSION = YES;
				CLANG_WARN_CONSTANT_CONVERSION = YES;
				CLANG_WARN_DIRECT_OBJC_ISA_USAGE = YES_ERROR;
				CLANG_WARN_EMPTY_BODY = YES;
				CLANG_WARN_ENUM_CONVERSION = YES;
				CLANG_WARN_INT_CONVERSION = YES;
				CLANG_WARN_OBJC_ROOT_CLASS = YES_ERROR;
				CLANG_WARN__DUPLICATE_METHOD_MATCH = YES;
				"CODE_SIGN_IDENTITY[sdk=iphoneos*]" = "iPhone Developer";
				COPY_PHASE_STRIP = YES;
				ENABLE_NS_ASSERTIONS = NO;
				GCC_C_LANGUAGE_STANDARD = gnu99;
				GCC_WARN_64_TO_32_BIT_CONVERSION = YES;
				GCC_WARN_ABOUT_RETURN_TYPE = YES_ERROR;
				GCC_WARN_UNDECLARED_SELECTOR = YES;
				GCC_WARN_UNINITIALIZED_AUTOS = YES_AGGRESSIVE;
				GCC_WARN_UNUSED_FUNCTION = YES;
				GCC_WARN_UNUSED_VARIABLE = YES;
				IPHONEOS_DEPLOYMENT_TARGET = 7.1;
				SDKROOT = iphoneos;
				VALIDATE_PRODUCT = YES;
			};
			name = Release;
		};
		BCB9925F19354A7600BA7FEB /* Debug */ = {
			isa = XCBuildConfiguration;
			buildSettings = {
				ASSETCATALOG_COMPILER_APPICON_NAME = AppIcon;
				ASSETCATALOG_COMPILER_LAUNCHIMAGE_NAME = LaunchImage;
				GCC_PRECOMPILE_PREFIX_HEADER = YES;
				GCC_PREFIX_HEADER = "FactoryApp/FactoryApp-Prefix.pch";
				INFOPLIST_FILE = "FactoryApp/FactoryApp-Info.plist";
				PRODUCT_NAME = "$(TARGET_NAME)";
				WRAPPER_EXTENSION = app;
			};
			name = Debug;
		};
		BCB9926019354A7600BA7FEB /* Release */ = {
			isa = XCBuildConfiguration;
			buildSettings = {
				ASSETCATALOG_COMPILER_APPICON_NAME = AppIcon;
				ASSETCATALOG_COMPILER_LAUNCHIMAGE_NAME = LaunchImage;
				GCC_PRECOMPILE_PREFIX_HEADER = YES;
				GCC_PREFIX_HEADER = "FactoryApp/FactoryApp-Prefix.pch";
				INFOPLIST_FILE = "FactoryApp/FactoryApp-Info.plist";
				PRODUCT_NAME = "$(TARGET_NAME)";
				WRAPPER_EXTENSION = app;
			};
			name = Release;
		};
		BCB9926219354A7600BA7FEB /* Debug */ = {
			isa = XCBuildConfiguration;
			buildSettings = {
				BUNDLE_LOADER = "$(BUILT_PRODUCTS_DIR)/FactoryApp.app/FactoryApp";
				FRAMEWORK_SEARCH_PATHS = (
					"$(SDKROOT)/Developer/Library/Frameworks",
					"$(inherited)",
					"$(DEVELOPER_FRAMEWORKS_DIR)",
				);
				GCC_PRECOMPILE_PREFIX_HEADER = YES;
				GCC_PREFIX_HEADER = "FactoryApp/FactoryApp-Prefix.pch";
				GCC_PREPROCESSOR_DEFINITIONS = (
					"DEBUG=1",
					"$(inherited)",
				);
				INFOPLIST_FILE = "FactoryAppTests/FactoryAppTests-Info.plist";
				PRODUCT_NAME = "$(TARGET_NAME)";
				TEST_HOST = "$(BUNDLE_LOADER)";
				WRAPPER_EXTENSION = xctest;
			};
			name = Debug;
		};
		BCB9926319354A7600BA7FEB /* Release */ = {
			isa = XCBuildConfiguration;
			buildSettings = {
				BUNDLE_LOADER = "$(BUILT_PRODUCTS_DIR)/FactoryApp.app/FactoryApp";
				FRAMEWORK_SEARCH_PATHS = (
					"$(SDKROOT)/Developer/Library/Frameworks",
					"$(inherited)",
					"$(DEVELOPER_FRAMEWORKS_DIR)",
				);
				GCC_PRECOMPILE_PREFIX_HEADER = YES;
				GCC_PREFIX_HEADER = "FactoryApp/FactoryApp-Prefix.pch";
				INFOPLIST_FILE = "FactoryAppTests/FactoryAppTests-Info.plist";
				PRODUCT_NAME = "$(TARGET_NAME)";
				TEST_HOST = "$(BUNDLE_LOADER)";
				WRAPPER_EXTENSION = xctest;
			};
			name = Release;
		};
/* End XCBuildConfiguration section */

/* Begin XCConfigurationList section */
		BCB9922D19354A7600BA7FEB /* Build configuration list for PBXProject "FactoryApp" */ = {
			isa = XCConfigurationList;
			buildConfigurations = (
				BCB9925C19354A7600BA7FEB /* Debug */,
				BCB9925D19354A7600BA7FEB /* Release */,
			);
			defaultConfigurationIsVisible = 0;
			defaultConfigurationName = Release;
		};
		BCB9925E19354A7600BA7FEB /* Build configuration list for PBXNativeTarget "FactoryApp" */ = {
			isa = XCConfigurationList;
			buildConfigurations = (
				BCB9925F19354A7600BA7FEB /* Debug */,
				BCB9926019354A7600BA7FEB /* Release */,
			);
			defaultConfigurationIsVisible = 0;
		};
		BCB9926119354A7600BA7FEB /* Build configuration list for PBXNativeTarget "FactoryAppTests" */ = {
			isa = XCConfigurationList;
			buildConfigurations = (
				BCB9926219354A7600BA7FEB /* Debug */,
				BCB9926319354A7600BA7FEB /* Release */,
			);
			defaultConfigurationIsVisible = 0;
		};
/* End XCConfigurationList section */
	};
	rootObject = BCB9922A19354A7600BA7FEB /* Project object */;
}
